
Microsoft Visual Studio Solution File, Format Version 12.00
# Visual Studio 16
Project("{FAE04EC0-301F-11D3-BF4B-00C04F79EFBC}") = "Assembly-CSharp", "Assembly-CSharp.csproj", "{B8EAB1EC-9985-74B9-1152-D4DF1BA2FE25}"
EndProject
Project("{FAE04EC0-301F-11D3-BF4B-00C04F79EFBC}") = "Assembly-CSharp-Editor", "Assembly-CSharp-Editor.csproj", "{254DE76F-DD46-8E8E-1742-06698E8D9490}"
EndProject
Global
	GlobalSection(SolutionConfigurationPlatforms) = preSolution
		Debug|Any CPU = Debug|Any CPU
		Release|Any CPU = Release|Any CPU
	EndGlobalSection
	GlobalSection(ProjectConfigurationPlatforms) = postSolution
		{B8EAB1EC-9985-74B9-1152-D4DF1BA2FE25}.Debug|Any CPU.ActiveCfg = Debug|Any CPU
		{B8EAB1EC-9985-74B9-1152-D4DF1BA2FE25}.Debug|Any CPU.Build.0 = Debug|Any CPU
		{B8EAB1EC-9985-74B9-1152-D4DF1BA2FE25}.Release|Any CPU.ActiveCfg = Release|Any CPU
		{B8EAB1EC-9985-74B9-1152-D4DF1BA2FE25}.Release|Any CPU.Build.0 = Release|Any CPU
		{254DE76F-DD46-8E8E-1742-06698E8D9490}.Debug|Any CPU.ActiveCfg = Debug|Any CPU
		{254DE76F-DD46-8E8E-1742-06698E8D9490}.Debug|Any CPU.Build.0 = Debug|Any CPU
		{254DE76F-DD46-8E8E-1742-06698E8D9490}.Release|Any CPU.ActiveCfg = Release|Any CPU
		{254DE76F-DD46-8E8E-1742-06698E8D9490}.Release|Any CPU.Build.0 = Release|Any CPU
	EndGlobalSection
	GlobalSection(SolutionProperties) = preSolution
		HideSolutionNode = FALSE
	EndGlobalSection
	GlobalSection(MonoDevelopProperties) = preSolution
		StartupItem = Assembly-CSharp.csproj
	EndGlobalSection
EndGlobal
